{
  "name": "ChariERP",
  "lockfileVersion": 3,
  "requires": true,
  "packages": {
    "": {
      "dependencies": {
        "@lexical/list": "^0.24.0"
      }
    },
    "node_modules/@lexical/clipboard": {
      "version": "0.24.0",
      "resolved": "https://registry.npmjs.org/@lexical/clipboard/-/clipboard-0.24.0.tgz",
      "integrity": "sha512-DPrDsQ/ZOwcnr92rcSIRkoQ9LWT2285ilZRoD5w9/+LdXn9/2/CBlrt/2guQKb3E2ErfOoxNpDBA6SLOtQB4nQ==",
      "license": "MIT",
      "dependencies": {
        "@lexical/html": "0.24.0",
        "@lexical/list": "0.24.0",
        "@lexical/selection": "0.24.0",
        "@lexical/utils": "0.24.0",
        "lexical": "0.24.0"
      }
    },
    "node_modules/@lexical/html": {
      "version": "0.24.0",
      "resolved": "https://registry.npmjs.org/@lexical/html/-/html-0.24.0.tgz",
      "integrity": "sha512-UQkn+NR1+wNE7zlDmi4UcZRoQ7w5bTw427VJWiY3/vJTSZpjWaK48+llPtkj7OwwoQUu42ihZFXrEOizCdTVDw==",
      "license": "MIT",
      "dependencies": {
        "@lexical/selection": "0.24.0",
        "@lexical/utils": "0.24.0",
        "lexical": "0.24.0"
      }
    },
    "node_modules/@lexical/list": {
      "version": "0.24.0",
      "resolved": "https://registry.npmjs.org/@lexical/list/-/list-0.24.0.tgz",
      "integrity": "sha512-/wk/L8S8Jg+AghgpVAJ1hqSvk+4Fn4oYcihoyjmB0b+ZEIRS38aCdAn1LSH3BjWUbBM+fBMwAgsg8IWFDddYLg==",
      "license": "MIT",
      "dependencies": {
        "@lexical/utils": "0.24.0",
        "lexical": "0.24.0"
      }
    },
    "node_modules/@lexical/selection": {
      "version": "0.24.0",
      "resolved": "https://registry.npmjs.org/@lexical/selection/-/selection-0.24.0.tgz",
      "integrity": "sha512-dZd2bTbKvjnumx9cJdQrchT5EbEfND7u4eBi6fdS38xj3Njcj5Epdk5xGdlJYGC9iMaHlhNQSzogZaWJYt9MsA==",
      "license": "MIT",
      "dependencies": {
        "lexical": "0.24.0"
      }
    },
    "node_modules/@lexical/table": {
      "version": "0.24.0",
      "resolved": "https://registry.npmjs.org/@lexical/table/-/table-0.24.0.tgz",
      "integrity": "sha512-RmmDHRaW6y8/5f5OFWd2JQ89+2/NF1Y3KGwCjn5kaOehTyUD7lpJOblyAjloviRfUaNxpJB+8Co/9iATj9e5qA==",
      "license": "MIT",
      "dependencies": {
        "@lexical/clipboard": "0.24.0",
        "@lexical/utils": "0.24.0",
        "lexical": "0.24.0"
      }
    },
    "node_modules/@lexical/utils": {
      "version": "0.24.0",
      "resolved": "https://registry.npmjs.org/@lexical/utils/-/utils-0.24.0.tgz",
      "integrity": "sha512-Qo2AB9iMtagHa7fjzrCyOV0dHnXekF0pcH4WZIKemAPagfLytDKDGamHXQUIFQ23CoDkprGLfM4mdJxQiZXH/Q==",
      "license": "MIT",
      "dependencies": {
        "@lexical/list": "0.24.0",
        "@lexical/selection": "0.24.0",
        "@lexical/table": "0.24.0",
        "lexical": "0.24.0"
      }
    },
    "node_modules/lexical": {
      "version": "0.24.0",
      "resolved": "https://registry.npmjs.org/lexical/-/lexical-0.24.0.tgz",
      "integrity": "sha512-0qEyd7pl6v48JZhrd1+LfP4ZGSYJ8RSfk75RaPyTWNibi/oA0Ob0Fqb/Hl1hqMLzAM9shgZvY6HXOV0iW/HfiQ==",
      "license": "MIT"
    }
  }
}
